
Microsoft Visual Studio Solution File, Format Version 12.00
# Visual Studio Version 16
VisualStudioVersion = 16.0.31729.503
MinimumVisualStudioVersion = 10.0.40219.1
Project("{FAE04EC0-301F-11D3-BF4B-00C04F79EFBC}") = "Projeto3", "Projeto3\Projeto3.csproj", "{13A7DA7E-A8B7-47E6-9D22-F578EFA27A28}"
EndProject
Global
	GlobalSection(SolutionConfigurationPlatforms) = preSolution
		Debug|Any CPU = Debug|Any CPU
		Release|Any CPU = Release|Any CPU
	EndGlobalSection
	GlobalSection(ProjectConfigurationPlatforms) = postSolution
		{13A7DA7E-A8B7-47E6-9D22-F578EFA27A28}.Debug|Any CPU.ActiveCfg = Debug|Any CPU
		{13A7DA7E-A8B7-47E6-9D22-F578EFA27A28}.Debug|Any CPU.Build.0 = Debug|Any CPU
		{13A7DA7E-A8B7-47E6-9D22-F578EFA27A28}.Release|Any CPU.ActiveCfg = Release|Any CPU
		{13A7DA7E-A8B7-47E6-9D22-F578EFA27A28}.Release|Any CPU.Build.0 = Release|Any CPU
	EndGlobalSection
	GlobalSection(SolutionProperties) = preSolution
		HideSolutionNode = FALSE
	EndGlobalSection
	GlobalSection(ExtensibilityGlobals) = postSolution
		SolutionGuid = {65B0E07C-F882-4139-8A2E-24D79511DF79}
	EndGlobalSection
EndGlobal
